
Microsoft Visual Studio Solution File, Format Version 12.00
# Visual Studio Version 17
VisualStudioVersion = 17.9.34728.123
MinimumVisualStudioVersion = 10.0.40219.1
Project("{FAE04EC0-301F-11D3-BF4B-00C04F79EFBC}") = "WebApplication1", "WebApplication1.csproj", "{EF62D61E-79B4-4571-BF3A-AD009F99257B}"
EndProject
Global
	GlobalSection(SolutionConfigurationPlatforms) = preSolution
		Debug|Any CPU = Debug|Any CPU
		Release|Any CPU = Release|Any CPU
	EndGlobalSection
	GlobalSection(ProjectConfigurationPlatforms) = postSolution
		{EF62D61E-79B4-4571-BF3A-AD009F99257B}.Debug|Any CPU.ActiveCfg = Debug|Any CPU
		{EF62D61E-79B4-4571-BF3A-AD009F99257B}.Debug|Any CPU.Build.0 = Debug|Any CPU
		{EF62D61E-79B4-4571-BF3A-AD009F99257B}.Release|Any CPU.ActiveCfg = Release|Any CPU
		{EF62D61E-79B4-4571-BF3A-AD009F99257B}.Release|Any CPU.Build.0 = Release|Any CPU
	EndGlobalSection
	GlobalSection(SolutionProperties) = preSolution
		HideSolutionNode = FALSE
	EndGlobalSection
	GlobalSection(ExtensibilityGlobals) = postSolution
		SolutionGuid = {F4E92A45-AA76-4B72-AB30-E1322A5D61E7}
	EndGlobalSection
EndGlobal
