
Microsoft Visual Studio Solution File, Format Version 12.00
# Visual Studio Version 17
VisualStudioVersion = 17.9.34728.123
MinimumVisualStudioVersion = 10.0.40219.1
Project("{FAE04EC0-301F-11D3-BF4B-00C04F79EFBC}") = "Task6", "Task6.csproj", "{533BD50A-C11B-44CD-AAE0-2660B3457847}"
EndProject
Global
	GlobalSection(SolutionConfigurationPlatforms) = preSolution
		Debug|Any CPU = Debug|Any CPU
		Release|Any CPU = Release|Any CPU
	EndGlobalSection
	GlobalSection(ProjectConfigurationPlatforms) = postSolution
		{533BD50A-C11B-44CD-AAE0-2660B3457847}.Debug|Any CPU.ActiveCfg = Debug|Any CPU
		{533BD50A-C11B-44CD-AAE0-2660B3457847}.Debug|Any CPU.Build.0 = Debug|Any CPU
		{533BD50A-C11B-44CD-AAE0-2660B3457847}.Release|Any CPU.ActiveCfg = Release|Any CPU
		{533BD50A-C11B-44CD-AAE0-2660B3457847}.Release|Any CPU.Build.0 = Release|Any CPU
	EndGlobalSection
	GlobalSection(SolutionProperties) = preSolution
		HideSolutionNode = FALSE
	EndGlobalSection
	GlobalSection(ExtensibilityGlobals) = postSolution
		SolutionGuid = {90608E8A-C9D7-4C4E-83D5-43E930E860B8}
	EndGlobalSection
EndGlobal
