
Microsoft Visual Studio Solution File, Format Version 12.00
# Visual Studio Version 17
VisualStudioVersion = 17.9.34728.123
MinimumVisualStudioVersion = 10.0.40219.1
Project("{FAE04EC0-301F-11D3-BF4B-00C04F79EFBC}") = "Task1", "Task1.csproj", "{E9A644C1-6D8F-4CEB-838D-508B18DEB76A}"
EndProject
Global
	GlobalSection(SolutionConfigurationPlatforms) = preSolution
		Debug|Any CPU = Debug|Any CPU
		Release|Any CPU = Release|Any CPU
	EndGlobalSection
	GlobalSection(ProjectConfigurationPlatforms) = postSolution
		{E9A644C1-6D8F-4CEB-838D-508B18DEB76A}.Debug|Any CPU.ActiveCfg = Debug|Any CPU
		{E9A644C1-6D8F-4CEB-838D-508B18DEB76A}.Debug|Any CPU.Build.0 = Debug|Any CPU
		{E9A644C1-6D8F-4CEB-838D-508B18DEB76A}.Release|Any CPU.ActiveCfg = Release|Any CPU
		{E9A644C1-6D8F-4CEB-838D-508B18DEB76A}.Release|Any CPU.Build.0 = Release|Any CPU
	EndGlobalSection
	GlobalSection(SolutionProperties) = preSolution
		HideSolutionNode = FALSE
	EndGlobalSection
	GlobalSection(ExtensibilityGlobals) = postSolution
		SolutionGuid = {84462E7C-7541-4ACA-895E-4F0E29F9ACC4}
	EndGlobalSection
EndGlobal
